
Microsoft Visual Studio Solution File, Format Version 12.00
# Visual Studio Version 16
VisualStudioVersion = 16.0.29926.136
MinimumVisualStudioVersion = 10.0.40219.1
Project("{FAE04EC0-301F-11D3-BF4B-00C04F79EFBC}") = "DisplayMap", "DisplayMap\DisplayMap.csproj", "{60DDF586-F753-4FB4-8A98-BD9660A54ADC}"
EndProject
Global
	GlobalSection(SolutionConfigurationPlatforms) = preSolution
		Debug|Any CPU = Debug|Any CPU
		Release|Any CPU = Release|Any CPU
	EndGlobalSection
	GlobalSection(ProjectConfigurationPlatforms) = postSolution
		{60DDF586-F753-4FB4-8A98-BD9660A54ADC}.Debug|Any CPU.ActiveCfg = Debug|Any CPU
		{60DDF586-F753-4FB4-8A98-BD9660A54ADC}.Debug|Any CPU.Build.0 = Debug|Any CPU
		{60DDF586-F753-4FB4-8A98-BD9660A54ADC}.Release|Any CPU.ActiveCfg = Release|Any CPU
		{60DDF586-F753-4FB4-8A98-BD9660A54ADC}.Release|Any CPU.Build.0 = Release|Any CPU
	EndGlobalSection
	GlobalSection(SolutionProperties) = preSolution
		HideSolutionNode = FALSE
	EndGlobalSection
	GlobalSection(ExtensibilityGlobals) = postSolution
		SolutionGuid = {E863B279-D177-497E-9DF1-8F6E9AE060B8}
	EndGlobalSection
EndGlobal
